
Microsoft Visual Studio Solution File, Format Version 12.00
# Visual Studio Version 17
VisualStudioVersion = 17.8.34525.116
MinimumVisualStudioVersion = 10.0.40219.1
Project("{9A19103F-16F7-4668-BE54-9A1E7A4F7556}") = "ConsoleApp1", "ConsoleApp1.csproj", "{E2CAC017-0E2C-44B4-A52C-44176E8BD957}"
EndProject
Project("{9A19103F-16F7-4668-BE54-9A1E7A4F7556}") = "LibrarySystem", "..\LibrarySystem\LibrarySystem.csproj", "{29D77560-2751-4457-88CB-86964AE120A0}"
EndProject
Project("{9A19103F-16F7-4668-BE54-9A1E7A4F7556}") = "StrategyDesignPattern", "..\StrategyDesignPattern\StrategyDesignPattern.csproj", "{EA69C599-6FC0-4EAF-9600-44E150C206AB}"
EndProject
Project("{9A19103F-16F7-4668-BE54-9A1E7A4F7556}") = "ObservableDesignPattern", "..\ObservableDesignPattern\ObservableDesignPattern.csproj", "{44C00CBE-CB6C-49D8-85EC-9D8F76DDA270}"
EndProject
Project("{9A19103F-16F7-4668-BE54-9A1E7A4F7556}") = "DecoratorDesignPattern", "..\DecoratorDesignPattern\DecoratorDesignPattern.csproj", "{E8C418C5-099F-4E71-A479-9830C9A613A4}"
EndProject
Project("{9A19103F-16F7-4668-BE54-9A1E7A4F7556}") = "FactoryDesignPattern", "..\FactoryDesignPattern\FactoryDesignPattern.csproj", "{6C916B7B-1BAE-4C3D-91DE-63A21A45C9E5}"
EndProject
Project("{9A19103F-16F7-4668-BE54-9A1E7A4F7556}") = "ParkingLot", "..\ParkingLog\ParkingLot.csproj", "{EAFD356A-5ADA-47E4-BF95-CC78293206C2}"
EndProject
Project("{FAE04EC0-301F-11D3-BF4B-00C04F79EFBC}") = "ElevatorSystemDesign", "..\ElevatorSystemDesign\ElevatorSystemDesign.csproj", "{227EEA9C-C3B4-44BA-9960-23EF9FA2D2D1}"
EndProject
Global
	GlobalSection(SolutionConfigurationPlatforms) = preSolution
		Debug|Any CPU = Debug|Any CPU
		Release|Any CPU = Release|Any CPU
	EndGlobalSection
	GlobalSection(ProjectConfigurationPlatforms) = postSolution
		{E2CAC017-0E2C-44B4-A52C-44176E8BD957}.Debug|Any CPU.ActiveCfg = Debug|Any CPU
		{E2CAC017-0E2C-44B4-A52C-44176E8BD957}.Debug|Any CPU.Build.0 = Debug|Any CPU
		{E2CAC017-0E2C-44B4-A52C-44176E8BD957}.Release|Any CPU.ActiveCfg = Release|Any CPU
		{E2CAC017-0E2C-44B4-A52C-44176E8BD957}.Release|Any CPU.Build.0 = Release|Any CPU
		{29D77560-2751-4457-88CB-86964AE120A0}.Debug|Any CPU.ActiveCfg = Debug|Any CPU
		{29D77560-2751-4457-88CB-86964AE120A0}.Debug|Any CPU.Build.0 = Debug|Any CPU
		{29D77560-2751-4457-88CB-86964AE120A0}.Release|Any CPU.ActiveCfg = Release|Any CPU
		{29D77560-2751-4457-88CB-86964AE120A0}.Release|Any CPU.Build.0 = Release|Any CPU
		{EA69C599-6FC0-4EAF-9600-44E150C206AB}.Debug|Any CPU.ActiveCfg = Debug|Any CPU
		{EA69C599-6FC0-4EAF-9600-44E150C206AB}.Debug|Any CPU.Build.0 = Debug|Any CPU
		{EA69C599-6FC0-4EAF-9600-44E150C206AB}.Release|Any CPU.ActiveCfg = Release|Any CPU
		{EA69C599-6FC0-4EAF-9600-44E150C206AB}.Release|Any CPU.Build.0 = Release|Any CPU
		{44C00CBE-CB6C-49D8-85EC-9D8F76DDA270}.Debug|Any CPU.ActiveCfg = Debug|Any CPU
		{44C00CBE-CB6C-49D8-85EC-9D8F76DDA270}.Debug|Any CPU.Build.0 = Debug|Any CPU
		{44C00CBE-CB6C-49D8-85EC-9D8F76DDA270}.Release|Any CPU.ActiveCfg = Release|Any CPU
		{44C00CBE-CB6C-49D8-85EC-9D8F76DDA270}.Release|Any CPU.Build.0 = Release|Any CPU
		{E8C418C5-099F-4E71-A479-9830C9A613A4}.Debug|Any CPU.ActiveCfg = Debug|Any CPU
		{E8C418C5-099F-4E71-A479-9830C9A613A4}.Debug|Any CPU.Build.0 = Debug|Any CPU
		{E8C418C5-099F-4E71-A479-9830C9A613A4}.Release|Any CPU.ActiveCfg = Release|Any CPU
		{E8C418C5-099F-4E71-A479-9830C9A613A4}.Release|Any CPU.Build.0 = Release|Any CPU
		{6C916B7B-1BAE-4C3D-91DE-63A21A45C9E5}.Debug|Any CPU.ActiveCfg = Debug|Any CPU
		{6C916B7B-1BAE-4C3D-91DE-63A21A45C9E5}.Debug|Any CPU.Build.0 = Debug|Any CPU
		{6C916B7B-1BAE-4C3D-91DE-63A21A45C9E5}.Release|Any CPU.ActiveCfg = Release|Any CPU
		{6C916B7B-1BAE-4C3D-91DE-63A21A45C9E5}.Release|Any CPU.Build.0 = Release|Any CPU
		{EAFD356A-5ADA-47E4-BF95-CC78293206C2}.Debug|Any CPU.ActiveCfg = Debug|Any CPU
		{EAFD356A-5ADA-47E4-BF95-CC78293206C2}.Debug|Any CPU.Build.0 = Debug|Any CPU
		{EAFD356A-5ADA-47E4-BF95-CC78293206C2}.Release|Any CPU.ActiveCfg = Release|Any CPU
		{EAFD356A-5ADA-47E4-BF95-CC78293206C2}.Release|Any CPU.Build.0 = Release|Any CPU
		{227EEA9C-C3B4-44BA-9960-23EF9FA2D2D1}.Debug|Any CPU.ActiveCfg = Debug|Any CPU
		{227EEA9C-C3B4-44BA-9960-23EF9FA2D2D1}.Debug|Any CPU.Build.0 = Debug|Any CPU
		{227EEA9C-C3B4-44BA-9960-23EF9FA2D2D1}.Release|Any CPU.ActiveCfg = Release|Any CPU
		{227EEA9C-C3B4-44BA-9960-23EF9FA2D2D1}.Release|Any CPU.Build.0 = Release|Any CPU
	EndGlobalSection
	GlobalSection(SolutionProperties) = preSolution
		HideSolutionNode = FALSE
	EndGlobalSection
	GlobalSection(ExtensibilityGlobals) = postSolution
		SolutionGuid = {CE36FB36-8BC0-4FDF-A52F-21A4B9480C70}
	EndGlobalSection
EndGlobal
